// !$*UTF8*$!
{
	archiveVersion = 1;
	classes = {
	};
	objectVersion = 46;
	objects = {

/* Begin PBXBuildFile section */
		9C2F0D541E675CE2009C588D /* UIColor.swift in Sources */ = {isa = PBXBuildFile; fileRef = 9C2F0D531E675CE2009C588D /* UIColor.swift */; };
		9C2F0D561E675EFA009C588D /* RAMPaperSwitch.framework in Frameworks */ = {isa = PBXBuildFile; fileRef = 9C2F0D551E675EFA009C588D /* RAMPaperSwitch.framework */; };
		9CE4F31B1E674A4A001129D1 /* AppDelegate.swift in Sources */ = {isa = PBXBuildFile; fileRef = 9CE4F31A1E674A4A001129D1 /* AppDelegate.swift */; };
		9CE4F3201E674A4A001129D1 /* Main.storyboard in Resources */ = {isa = PBXBuildFile; fileRef = 9CE4F31E1E674A4A001129D1 /* Main.storyboard */; };
		9CE4F3221E674A4B001129D1 /* Assets.xcassets in Resources */ = {isa = PBXBuildFile; fileRef = 9CE4F3211E674A4B001129D1 /* Assets.xcassets */; };
		9CE4F3251E674A4B001129D1 /* LaunchScreen.storyboard in Resources */ = {isa = PBXBuildFile; fileRef = 9CE4F3231E674A4B001129D1 /* LaunchScreen.storyboard */; };
		9CE4F32D1E6752FE001129D1 /* ConfigTableViewController.swift in Sources */ = {isa = PBXBuildFile; fileRef = 9CE4F32C1E6752FE001129D1 /* ConfigTableViewController.swift */; };
		9F0CFF76A7663B31292534E1 /* Pods_SwiftPaperSwitch.framework in Frameworks */ = {isa = PBXBuildFile; fileRef = 5185F84C0B90FE06070C6B2F /* Pods_SwiftPaperSwitch.framework */; };
/* End PBXBuildFile section */

/* Begin PBXFileReference section */
		0098B668CE84CD76DEABEA14 /* Pods-SwiftPaperSwitch.debug.xcconfig */ = {isa = PBXFileReference; includeInIndex = 1; lastKnownFileType = text.xcconfig; name = "Pods-SwiftPaperSwitch.debug.xcconfig"; path = "Pods/Target Support Files/Pods-SwiftPaperSwitch/Pods-SwiftPaperSwitch.debug.xcconfig"; sourceTree = "<group>"; };
		5185F84C0B90FE06070C6B2F /* Pods_SwiftPaperSwitch.framework */ = {isa = PBXFileReference; explicitFileType = wrapper.framework; includeInIndex = 0; path = Pods_SwiftPaperSwitch.framework; sourceTree = BUILT_PRODUCTS_DIR; };
		9C2F0D531E675CE2009C588D /* UIColor.swift */ = {isa = PBXFileReference; fileEncoding = 4; lastKnownFileType = sourcecode.swift; path = UIColor.swift; sourceTree = "<group>"; };
		9C2F0D551E675EFA009C588D /* RAMPaperSwitch.framework */ = {isa = PBXFileReference; lastKnownFileType = wrapper.framework; name = RAMPaperSwitch.framework; path = "../../../Library/Developer/Xcode/DerivedData/SwiftPaperSwitch-bgaivomrymovdsgfuyslysvxlqzq/Build/Products/Debug-iphoneos/RAMPaperSwitch/RAMPaperSwitch.framework"; sourceTree = "<group>"; };
		9CE4F3171E674A4A001129D1 /* SwiftPaperSwitch.app */ = {isa = PBXFileReference; explicitFileType = wrapper.application; includeInIndex = 0; path = SwiftPaperSwitch.app; sourceTree = BUILT_PRODUCTS_DIR; };
		9CE4F31A1E674A4A001129D1 /* AppDelegate.swift */ = {isa = PBXFileReference; lastKnownFileType = sourcecode.swift; path = AppDelegate.swift; sourceTree = "<group>"; };
		9CE4F31F1E674A4A001129D1 /* Base */ = {isa = PBXFileReference; lastKnownFileType = file.storyboard; name = Base; path = Base.lproj/Main.storyboard; sourceTree = "<group>"; };
		9CE4F3211E674A4B001129D1 /* Assets.xcassets */ = {isa = PBXFileReference; lastKnownFileType = folder.assetcatalog; path = Assets.xcassets; sourceTree = "<group>"; };
		9CE4F3241E674A4B001129D1 /* Base */ = {isa = PBXFileReference; lastKnownFileType = file.storyboard; name = Base; path = Base.lproj/LaunchScreen.storyboard; sourceTree = "<group>"; };
		9CE4F3261E674A4B001129D1 /* Info.plist */ = {isa = PBXFileReference; lastKnownFileType = text.plist.xml; path = Info.plist; sourceTree = "<group>"; };
		9CE4F32C1E6752FE001129D1 /* ConfigTableViewController.swift */ = {isa = PBXFileReference; fileEncoding = 4; lastKnownFileType = sourcecode.swift; path = ConfigTableViewController.swift; sourceTree = "<group>"; };
		EE9FCFC50BDE40C8CCC06482 /* Pods-SwiftPaperSwitch.release.xcconfig */ = {isa = PBXFileReference; includeInIndex = 1; lastKnownFileType = text.xcconfig; name = "Pods-SwiftPaperSwitch.release.xcconfig"; path = "Pods/Target Support Files/Pods-SwiftPaperSwitch/Pods-SwiftPaperSwitch.release.xcconfig"; sourceTree = "<group>"; };
/* End PBXFileReference section */

/* Begin PBXFrameworksBuildPhase section */
		9CE4F3141E674A4A001129D1 /* Frameworks */ = {
			isa = PBXFrameworksBuildPhase;
			buildActionMask = 2147483647;
			files = (
				9C2F0D561E675EFA009C588D /* RAMPaperSwitch.framework in Frameworks */,
				9F0CFF76A7663B31292534E1 /* Pods_SwiftPaperSwitch.framework in Frameworks */,
			);
			runOnlyForDeploymentPostprocessing = 0;
		};
/* End PBXFrameworksBuildPhase section */

/* Begin PBXGroup section */
		130C7F54D23FF7BD19E4590F /* Pods */ = {
			isa = PBXGroup;
			children = (
				0098B668CE84CD76DEABEA14 /* Pods-SwiftPaperSwitch.debug.xcconfig */,
				EE9FCFC50BDE40C8CCC06482 /* Pods-SwiftPaperSwitch.release.xcconfig */,
			);
			name = Pods;
			sourceTree = "<group>";
		};
		8BFDEB77B591C2A742BB3874 /* Frameworks */ = {
			isa = PBXGroup;
			children = (
				9C2F0D551E675EFA009C588D /* RAMPaperSwitch.framework */,
				5185F84C0B90FE06070C6B2F /* Pods_SwiftPaperSwitch.framework */,
			);
			name = Frameworks;
			sourceTree = "<group>";
		};
		9C2F0D521E675CD6009C588D /* Extensions */ = {
			isa = PBXGroup;
			children = (
				9C2F0D531E675CE2009C588D /* UIColor.swift */,
			);
			name = Extensions;
			sourceTree = "<group>";
		};
		9CE4F30E1E674A49001129D1 = {
			isa = PBXGroup;
			children = (
				9CE4F3191E674A4A001129D1 /* SwiftPaperSwitch */,
				9CE4F3181E674A4A001129D1 /* Products */,
				130C7F54D23FF7BD19E4590F /* Pods */,
				8BFDEB77B591C2A742BB3874 /* Frameworks */,
			);
			sourceTree = "<group>";
		};
		9CE4F3181E674A4A001129D1 /* Products */ = {
			isa = PBXGroup;
			children = (
				9CE4F3171E674A4A001129D1 /* SwiftPaperSwitch.app */,
			);
			name = Products;
			sourceTree = "<group>";
		};
		9CE4F3191E674A4A001129D1 /* SwiftPaperSwitch */ = {
			isa = PBXGroup;
			children = (
				9C2F0D521E675CD6009C588D /* Extensions */,
				9CE4F3311E6756EE001129D1 /* Assets */,
				9CE4F3301E6756E1001129D1 /* Resources */,
				9CE4F32F1E6756CD001129D1 /* User Interface */,
				9CE4F32E1E6756BE001129D1 /* Controllers */,
			);
			path = SwiftPaperSwitch;
			sourceTree = "<group>";
		};
		9CE4F32E1E6756BE001129D1 /* Controllers */ = {
			isa = PBXGroup;
			children = (
				9CE4F32C1E6752FE001129D1 /* ConfigTableViewController.swift */,
			);
			name = Controllers;
			sourceTree = "<group>";
		};
		9CE4F32F1E6756CD001129D1 /* User Interface */ = {
			isa = PBXGroup;
			children = (
				9CE4F31E1E674A4A001129D1 /* Main.storyboard */,
				9CE4F3231E674A4B001129D1 /* LaunchScreen.storyboard */,
			);
			name = "User Interface";
			sourceTree = "<group>";
		};
		9CE4F3301E6756E1001129D1 /* Resources */ = {
			isa = PBXGroup;
			children = (
				9CE4F31A1E674A4A001129D1 /* AppDelegate.swift */,
				9CE4F3261E674A4B001129D1 /* Info.plist */,
			);
			name = Resources;
			sourceTree = "<group>";
		};
		9CE4F3311E6756EE001129D1 /* Assets */ = {
			isa = PBXGroup;
			children = (
				9CE4F3211E674A4B001129D1 /* Assets.xcassets */,
			);
			name = Assets;
			sourceTree = "<group>";
		};
/* End PBXGroup section */

/* Begin PBXNativeTarget section */
		9CE4F3161E674A4A001129D1 /* SwiftPaperSwitch */ = {
			isa = PBXNativeTarget;
			buildConfigurationList = 9CE4F3291E674A4B001129D1 /* Build configuration list for PBXNativeTarget "SwiftPaperSwitch" */;
			buildPhases = (
				1E53F03B066C08E5DD82678F /* [CP] Check Pods Manifest.lock */,
				9CE4F3131E674A4A001129D1 /* Sources */,
				9CE4F3141E674A4A001129D1 /* Frameworks */,
				9CE4F3151E674A4A001129D1 /* Resources */,
				A299C1DD6B5CB68522F587D5 /* [CP] Embed Pods Frameworks */,
				DD9895E216B7A0195AF281FA /* [CP] Copy Pods Resources */,
			);
			buildRules = (
			);
			dependencies = (
			);
			name = SwiftPaperSwitch;
			productName = SwiftPaperSwitch;
			productReference = 9CE4F3171E674A4A001129D1 /* SwiftPaperSwitch.app */;
			productType = "com.apple.product-type.application";
		};
/* End PBXNativeTarget section */

/* Begin PBXProject section */
		9CE4F30F1E674A49001129D1 /* Project object */ = {
			isa = PBXProject;
			attributes = {
				LastSwiftUpdateCheck = 0820;
				LastUpgradeCheck = 0820;
				ORGANIZATIONNAME = "Marcelo Sampaio";
				TargetAttributes = {
					9CE4F3161E674A4A001129D1 = {
						CreatedOnToolsVersion = 8.2.1;
						DevelopmentTeam = 5U294U2N56;
						ProvisioningStyle = Automatic;
					};
				};
			};
			buildConfigurationList = 9CE4F3121E674A4A001129D1 /* Build configuration list for PBXProject "SwiftPaperSwitch" */;
			compatibilityVersion = "Xcode 3.2";
			developmentRegion = English;
			hasScannedForEncodings = 0;
			knownRegions = (
				en,
				Base,
			);
			mainGroup = 9CE4F30E1E674A49001129D1;
			productRefGroup = 9CE4F3181E674A4A001129D1 /* Products */;
			projectDirPath = "";
			projectRoot = "";
			targets = (
				9CE4F3161E674A4A001129D1 /* SwiftPaperSwitch */,
			);
		};
/* End PBXProject section */

/* Begin PBXResourcesBuildPhase section */
		9CE4F3151E674A4A001129D1 /* Resources */ = {
			isa = PBXResourcesBuildPhase;
			buildActionMask = 2147483647;
			files = (
				9CE4F3251E674A4B001129D1 /* LaunchScreen.storyboard in Resources */,
				9CE4F3221E674A4B001129D1 /* Assets.xcassets in Resources */,
				9CE4F3201E674A4A001129D1 /* Main.storyboard in Resources */,
			);
			runOnlyForDeploymentPostprocessing = 0;
		};
/* End PBXResourcesBuildPhase section */

/* Begin PBXShellScriptBuildPhase section */
		1E53F03B066C08E5DD82678F /* [CP] Check Pods Manifest.lock */ = {
			isa = PBXShellScriptBuildPhase;
			buildActionMask = 2147483647;
			files = (
			);
			inputPaths = (
			);
			name = "[CP] Check Pods Manifest.lock";
			outputPaths = (
			);
			runOnlyForDeploymentPostprocessing = 0;
			shellPath = /bin/sh;
			shellScript = "diff \"${PODS_ROOT}/../Podfile.lock\" \"${PODS_ROOT}/Manifest.lock\" > /dev/null\nif [ $? != 0 ] ; then\n    # print error to STDERR\n    echo \"error: The sandbox is not in sync with the Podfile.lock. Run 'pod install' or update your CocoaPods installation.\" >&2\n    exit 1\nfi\n";
			showEnvVarsInLog = 0;
		};
		A299C1DD6B5CB68522F587D5 /* [CP] Embed Pods Frameworks */ = {
			isa = PBXShellScriptBuildPhase;
			buildActionMask = 2147483647;
			files = (
			);
			inputPaths = (
			);
			name = "[CP] Embed Pods Frameworks";
			outputPaths = (
			);
			runOnlyForDeploymentPostprocessing = 0;
			shellPath = /bin/sh;
			shellScript = "\"${SRCROOT}/Pods/Target Support Files/Pods-SwiftPaperSwitch/Pods-SwiftPaperSwitch-frameworks.sh\"\n";
			showEnvVarsInLog = 0;
		};
		DD9895E216B7A0195AF281FA /* [CP] Copy Pods Resources */ = {
			isa = PBXShellScriptBuildPhase;
			buildActionMask = 2147483647;
			files = (
			);
			inputPaths = (
			);
			name = "[CP] Copy Pods Resources";
			outputPaths = (
			);
			runOnlyForDeploymentPostprocessing = 0;
			shellPath = /bin/sh;
			shellScript = "\"${SRCROOT}/Pods/Target Support Files/Pods-SwiftPaperSwitch/Pods-SwiftPaperSwitch-resources.sh\"\n";
			showEnvVarsInLog = 0;
		};
/* End PBXShellScriptBuildPhase section */

/* Begin PBXSourcesBuildPhase section */
		9CE4F3131E674A4A001129D1 /* Sources */ = {
			isa = PBXSourcesBuildPhase;
			buildActionMask = 2147483647;
			files = (
				9CE4F31B1E674A4A001129D1 /* AppDelegate.swift in Sources */,
				9C2F0D541E675CE2009C588D /* UIColor.swift in Sources */,
				9CE4F32D1E6752FE001129D1 /* ConfigTableViewController.swift in Sources */,
			);
			runOnlyForDeploymentPostprocessing = 0;
		};
/* End PBXSourcesBuildPhase section */

/* Begin PBXVariantGroup section */
		9CE4F31E1E674A4A001129D1 /* Main.storyboard */ = {
			isa = PBXVariantGroup;
			children = (
				9CE4F31F1E674A4A001129D1 /* Base */,
			);
			name = Main.storyboard;
			sourceTree = "<group>";
		};
		9CE4F3231E674A4B001129D1 /* LaunchScreen.storyboard */ = {
			isa = PBXVariantGroup;
			children = (
				9CE4F3241E674A4B001129D1 /* Base */,
			);
			name = LaunchScreen.storyboard;
			sourceTree = "<group>";
		};
/* End PBXVariantGroup section */

/* Begin XCBuildConfiguration section */
		9CE4F3271E674A4B001129D1 /* Debug */ = {
			isa = XCBuildConfiguration;
			buildSettings = {
				ALWAYS_SEARCH_USER_PATHS = NO;
				CLANG_ANALYZER_NONNULL = YES;
				CLANG_CXX_LANGUAGE_STANDARD = "gnu++0x";
				CLANG_CXX_LIBRARY = "libc++";
				CLANG_ENABLE_MODULES = YES;
				CLANG_ENABLE_OBJC_ARC = YES;
				CLANG_WARN_BOOL_CONVERSION = YES;
				CLANG_WARN_CONSTANT_CONVERSION = YES;
				CLANG_WARN_DIRECT_OBJC_ISA_USAGE = YES_ERROR;
				CLANG_WARN_DOCUMENTATION_COMMENTS = YES;
				CLANG_WARN_EMPTY_BODY = YES;
				CLANG_WARN_ENUM_CONVERSION = YES;
				CLANG_WARN_INFINITE_RECURSION = YES;
				CLANG_WARN_INT_CONVERSION = YES;
				CLANG_WARN_OBJC_ROOT_CLASS = YES_ERROR;
				CLANG_WARN_SUSPICIOUS_MOVE = YES;
				CLANG_WARN_UNREACHABLE_CODE = YES;
				CLANG_WARN__DUPLICATE_METHOD_MATCH = YES;
				"CODE_SIGN_IDENTITY[sdk=iphoneos*]" = "iPhone Developer";
				COPY_PHASE_STRIP = NO;
				DEBUG_INFORMATION_FORMAT = dwarf;
				ENABLE_STRICT_OBJC_MSGSEND = YES;
				ENABLE_TESTABILITY = YES;
				GCC_C_LANGUAGE_STANDARD = gnu99;
				GCC_DYNAMIC_NO_PIC = NO;
				GCC_NO_COMMON_BLOCKS = YES;
				GCC_OPTIMIZATION_LEVEL = 0;
				GCC_PREPROCESSOR_DEFINITIONS = (
					"DEBUG=1",
					"$(inherited)",
				);
				GCC_WARN_64_TO_32_BIT_CONVERSION = YES;
				GCC_WARN_ABOUT_RETURN_TYPE = YES_ERROR;
				GCC_WARN_UNDECLARED_SELECTOR = YES;
				GCC_WARN_UNINITIALIZED_AUTOS = YES_AGGRESSIVE;
				GCC_WARN_UNUSED_FUNCTION = YES;
				GCC_WARN_UNUSED_VARIABLE = YES;
				IPHONEOS_DEPLOYMENT_TARGET = 10.2;
				MTL_ENABLE_DEBUG_INFO = YES;
				ONLY_ACTIVE_ARCH = YES;
				SDKROOT = iphoneos;
				SWIFT_ACTIVE_COMPILATION_CONDITIONS = DEBUG;
				SWIFT_OPTIMIZATION_LEVEL = "-Onone";
				TARGETED_DEVICE_FAMILY = "1,2";
			};
			name = Debug;
		};
		9CE4F3281E674A4B001129D1 /* Release */ = {
			isa = XCBuildConfiguration;
			buildSettings = {
				ALWAYS_SEARCH_USER_PATHS = NO;
				CLANG_ANALYZER_NONNULL = YES;
				CLANG_CXX_LANGUAGE_STANDARD = "gnu++0x";
				CLANG_CXX_LIBRARY = "libc++";
				CLANG_ENABLE_MODULES = YES;
				CLANG_ENABLE_OBJC_ARC = YES;
				CLANG_WARN_BOOL_CONVERSION = YES;
				CLANG_WARN_CONSTANT_CONVERSION = YES;
				CLANG_WARN_DIRECT_OBJC_ISA_USAGE = YES_ERROR;
				CLANG_WARN_DOCUMENTATION_COMMENTS = YES;
				CLANG_WARN_EMPTY_BODY = YES;
				CLANG_WARN_ENUM_CONVERSION = YES;
				CLANG_WARN_INFINITE_RECURSION = YES;
				CLANG_WARN_INT_CONVERSION = YES;
				CLANG_WARN_OBJC_ROOT_CLASS = YES_ERROR;
				CLANG_WARN_SUSPICIOUS_MOVE = YES;
				CLANG_WARN_UNREACHABLE_CODE = YES;
				CLANG_WARN__DUPLICATE_METHOD_MATCH = YES;
				"CODE_SIGN_IDENTITY[sdk=iphoneos*]" = "iPhone Developer";
				COPY_PHASE_STRIP = NO;
				DEBUG_INFORMATION_FORMAT = "dwarf-with-dsym";
				ENABLE_NS_ASSERTIONS = NO;
				ENABLE_STRICT_OBJC_MSGSEND = YES;
				GCC_C_LANGUAGE_STANDARD = gnu99;
				GCC_NO_COMMON_BLOCKS = YES;
				GCC_WARN_64_TO_32_BIT_CONVERSION = YES;
				GCC_WARN_ABOUT_RETURN_TYPE = YES_ERROR;
				GCC_WARN_UNDECLARED_SELECTOR = YES;
				GCC_WARN_UNINITIALIZED_AUTOS = YES_AGGRESSIVE;
				GCC_WARN_UNUSED_FUNCTION = YES;
				GCC_WARN_UNUSED_VARIABLE = YES;
				IPHONEOS_DEPLOYMENT_TARGET = 10.2;
				MTL_ENABLE_DEBUG_INFO = NO;
				SDKROOT = iphoneos;
				SWIFT_OPTIMIZATION_LEVEL = "-Owholemodule";
				TARGETED_DEVICE_FAMILY = "1,2";
				VALIDATE_PRODUCT = YES;
			};
			name = Release;
		};
		9CE4F32A1E674A4B001129D1 /* Debug */ = {
			isa = XCBuildConfiguration;
			baseConfigurationReference = 0098B668CE84CD76DEABEA14 /* Pods-SwiftPaperSwitch.debug.xcconfig */;
			buildSettings = {
				ASSETCATALOG_COMPILER_APPICON_NAME = AppIcon;
				DEVELOPMENT_TEAM = 5U294U2N56;
				INFOPLIST_FILE = SwiftPaperSwitch/Info.plist;
				IPHONEOS_DEPLOYMENT_TARGET = 9.0;
				LD_RUNPATH_SEARCH_PATHS = "$(inherited) @executable_path/Frameworks";
				PRODUCT_BUNDLE_IDENTIFIER = MAS.SwiftPaperSwitch;
				PRODUCT_NAME = "$(TARGET_NAME)";
				SWIFT_VERSION = 3.0;
			};
			name = Debug;
		};
		9CE4F32B1E674A4B001129D1 /* Release */ = {
			isa = XCBuildConfiguration;
			baseConfigurationReference = EE9FCFC50BDE40C8CCC06482 /* Pods-SwiftPaperSwitch.release.xcconfig */;
			buildSettings = {
				ASSETCATALOG_COMPILER_APPICON_NAME = AppIcon;
				DEVELOPMENT_TEAM = 5U294U2N56;
				INFOPLIST_FILE = SwiftPaperSwitch/Info.plist;
				IPHONEOS_DEPLOYMENT_TARGET = 9.0;
				LD_RUNPATH_SEARCH_PATHS = "$(inherited) @executable_path/Frameworks";
				PRODUCT_BUNDLE_IDENTIFIER = MAS.SwiftPaperSwitch;
				PRODUCT_NAME = "$(TARGET_NAME)";
				SWIFT_VERSION = 3.0;
			};
			name = Release;
		};
/* End XCBuildConfiguration section */

/* Begin XCConfigurationList section */
		9CE4F3121E674A4A001129D1 /* Build configuration list for PBXProject "SwiftPaperSwitch" */ = {
			isa = XCConfigurationList;
			buildConfigurations = (
				9CE4F3271E674A4B001129D1 /* Debug */,
				9CE4F3281E674A4B001129D1 /* Release */,
			);
			defaultConfigurationIsVisible = 0;
			defaultConfigurationName = Release;
		};
		9CE4F3291E674A4B001129D1 /* Build configuration list for PBXNativeTarget "SwiftPaperSwitch" */ = {
			isa = XCConfigurationList;
			buildConfigurations = (
				9CE4F32A1E674A4B001129D1 /* Debug */,
				9CE4F32B1E674A4B001129D1 /* Release */,
			);
			defaultConfigurationIsVisible = 0;
			defaultConfigurationName = Release;
		};
/* End XCConfigurationList section */
	};
	rootObject = 9CE4F30F1E674A49001129D1 /* Project object */;
}
